
Microsoft Visual Studio Solution File, Format Version 12.00
# Visual Studio Version 17
VisualStudioVersion = 17.7.34031.279
MinimumVisualStudioVersion = 10.0.40219.1
Project("{FAE04EC0-301F-11D3-BF4B-00C04F79EFBC}") = "20231005_dolgozat_jegyek_WebAPI", "20231005_dolgozat_jegyek_WebAPI\20231005_dolgozat_jegyek_WebAPI.csproj", "{427DE9DC-B940-4250-B1D5-9CD62DF18E88}"
EndProject
Global
	GlobalSection(SolutionConfigurationPlatforms) = preSolution
		Debug|Any CPU = Debug|Any CPU
		Release|Any CPU = Release|Any CPU
	EndGlobalSection
	GlobalSection(ProjectConfigurationPlatforms) = postSolution
		{427DE9DC-B940-4250-B1D5-9CD62DF18E88}.Debug|Any CPU.ActiveCfg = Debug|Any CPU
		{427DE9DC-B940-4250-B1D5-9CD62DF18E88}.Debug|Any CPU.Build.0 = Debug|Any CPU
		{427DE9DC-B940-4250-B1D5-9CD62DF18E88}.Release|Any CPU.ActiveCfg = Release|Any CPU
		{427DE9DC-B940-4250-B1D5-9CD62DF18E88}.Release|Any CPU.Build.0 = Release|Any CPU
	EndGlobalSection
	GlobalSection(SolutionProperties) = preSolution
		HideSolutionNode = FALSE
	EndGlobalSection
	GlobalSection(ExtensibilityGlobals) = postSolution
		SolutionGuid = {E9F643ED-1E2C-44D9-9177-BE3F98D43FBE}
	EndGlobalSection
EndGlobal
